{
  "name": "gatekeeper",
  "version": "0.1.0",
  "lockfileVersion": 1,
  "requires": true,
  "dependencies": {
    "accepts": {
      "version": "1.0.7",
      "resolved": "https://registry.npmjs.org/accepts/-/accepts-1.0.7.tgz",
      "integrity": "sha1-W1AftPBwQwmWTM2wSBclQSCNqxo=",
      "requires": {
        "mime-types": "1.0.2",
        "negotiator": "0.4.7"
      }
    },
    "any-promise": {
      "version": "1.3.0",
      "resolved": "https://registry.npmjs.org/any-promise/-/any-promise-1.3.0.tgz",
      "integrity": "sha1-q8av7tzqUugJzcA3au0845Y10X8="
    },
    "base64-url": {
      "version": "1.2.1",
      "resolved": "https://registry.npmjs.org/base64-url/-/base64-url-1.2.1.tgz",
      "integrity": "sha1-GZ/WYXAqDnt9yubgaYuwicUvbXg="
    },
    "basic-auth": {
      "version": "1.0.0",
      "resolved": "https://registry.npmjs.org/basic-auth/-/basic-auth-1.0.0.tgz",
      "integrity": "sha1-ERstn/jk5tE2uMhOpeCWy4c1Fjc="
    },
    "basic-auth-connect": {
      "version": "1.0.0",
      "resolved": "https://registry.npmjs.org/basic-auth-connect/-/basic-auth-connect-1.0.0.tgz",
      "integrity": "sha1-/bC0OWLKe0BFanwrtI/hc9otISI="
    },
    "batch": {
      "version": "0.5.1",
      "resolved": "https://registry.npmjs.org/batch/-/batch-0.5.1.tgz",
      "integrity": "sha1-NqS6tZTAUP17UHvKDbMMLZKvT/I="
    },
    "body-parser": {
      "version": "1.6.7",
      "resolved": "https://registry.npmjs.org/body-parser/-/body-parser-1.6.7.tgz",
      "integrity": "sha1-gjBr7K30RUPoJrOQfq6T8CN8Tlw=",
      "requires": {
        "bytes": "1.0.0",
        "depd": "0.4.4",
        "iconv-lite": "0.4.4",
        "media-typer": "0.2.0",
        "on-finished": "2.1.0",
        "qs": "2.2.2",
        "raw-body": "1.3.0",
        "type-is": "1.3.2"
      }
    },
    "buffer-crc32": {
      "version": "0.2.3",
      "resolved": "https://registry.npmjs.org/buffer-crc32/-/buffer-crc32-0.2.3.tgz",
      "integrity": "sha1-u1RRnpXRB8vSQA520MqxRnM22SE="
    },
    "bytes": {
      "version": "1.0.0",
      "resolved": "https://registry.npmjs.org/bytes/-/bytes-1.0.0.tgz",
      "integrity": "sha1-NWnt6Lo0MV+rmcPpLLBMciDeH6g="
    },
    "commander": {
      "version": "1.3.2",
      "resolved": "https://registry.npmjs.org/commander/-/commander-1.3.2.tgz",
      "integrity": "sha1-io8w7GcKb91kr1LxkUuQfXnq1bU=",
      "requires": {
        "keypress": "0.1.0"
      }
    },
    "compressible": {
      "version": "1.1.1",
      "resolved": "https://registry.npmjs.org/compressible/-/compressible-1.1.1.tgz",
      "integrity": "sha1-I7ceqQ6mxqZiiXAakYGCwk0HKe8="
    },
    "compression": {
      "version": "1.0.11",
      "resolved": "http://registry.npmjs.org/compression/-/compression-1.0.11.tgz",
      "integrity": "sha1-aXAM8e6JY0VDVqwZKm5ekeIyv/s=",
      "requires": {
        "accepts": "1.0.7",
        "bytes": "1.0.0",
        "compressible": "1.1.1",
        "debug": "1.0.4",
        "on-headers": "1.0.1",
        "vary": "1.0.1"
      },
      "dependencies": {
        "vary": {
          "version": "1.0.1",
          "resolved": "https://registry.npmjs.org/vary/-/vary-1.0.1.tgz",
          "integrity": "sha1-meSYFWaihhGN+yuBc1ffeZM3bRA="
        }
      }
    },
    "connect": {
      "version": "2.25.10",
      "resolved": "https://registry.npmjs.org/connect/-/connect-2.25.10.tgz",
      "integrity": "sha1-GDs7VQaax81LWf/dh8xMxff/qKc=",
      "requires": {
        "basic-auth-connect": "1.0.0",
        "body-parser": "1.6.7",
        "bytes": "1.0.0",
        "compression": "1.0.11",
        "connect-timeout": "1.2.2",
        "cookie": "0.1.2",
        "cookie-parser": "1.3.2",
        "cookie-signature": "1.0.4",
        "csurf": "1.4.1",
        "debug": "1.0.4",
        "depd": "0.4.4",
        "errorhandler": "1.1.1",
        "express-session": "1.7.6",
        "finalhandler": "0.1.0",
        "fresh": "0.2.2",
        "media-typer": "0.2.0",
        "method-override": "2.1.3",
        "morgan": "1.2.3",
        "multiparty": "3.3.2",
        "on-headers": "1.0.1",
        "parseurl": "1.3.2",
        "pause": "0.0.1",
        "qs": "2.2.2",
        "response-time": "2.0.1",
        "serve-favicon": "2.0.1",
        "serve-index": "1.1.6",
        "serve-static": "1.5.4",
        "type-is": "1.3.2",
        "vhost": "2.0.0"
      }
    },
    "connect-timeout": {
      "version": "1.2.2",
      "resolved": "https://registry.npmjs.org/connect-timeout/-/connect-timeout-1.2.2.tgz",
      "integrity": "sha1-WVNgK7Zqv9X6Ia6RGnIhxeglocA=",
      "requires": {
        "debug": "1.0.4",
        "ms": "0.6.2",
        "on-headers": "1.0.1"
      }
    },
    "cookie": {
      "version": "0.1.2",
      "resolved": "https://registry.npmjs.org/cookie/-/cookie-0.1.2.tgz",
      "integrity": "sha1-cv7D0k5Io0Mgc9kMEmQgBQYQBLE="
    },
    "cookie-parser": {
      "version": "1.3.2",
      "resolved": "https://registry.npmjs.org/cookie-parser/-/cookie-parser-1.3.2.tgz",
      "integrity": "sha1-UiEcyCyVXXn/DAiJVEB3JOGc9WI=",
      "requires": {
        "cookie": "0.1.2",
        "cookie-signature": "1.0.4"
      }
    },
    "cookie-signature": {
      "version": "1.0.4",
      "resolved": "https://registry.npmjs.org/cookie-signature/-/cookie-signature-1.0.4.tgz",
      "integrity": "sha1-Dt0iKG46ERuaKnDbNj6SXoZ/aso="
    },
    "core-util-is": {
      "version": "1.0.2",
      "resolved": "https://registry.npmjs.org/core-util-is/-/core-util-is-1.0.2.tgz",
      "integrity": "sha1-tf1UIgqivFq1eqtxQMlAdUUDwac="
    },
    "csrf": {
      "version": "2.0.7",
      "resolved": "https://registry.npmjs.org/csrf/-/csrf-2.0.7.tgz",
      "integrity": "sha1-0E9S4Paiin4s/h4B3V68JRs9QgE=",
      "requires": {
        "base64-url": "1.2.1",
        "rndm": "1.1.1",
        "scmp": "1.0.0",
        "uid-safe": "1.1.0"
      }
    },
    "csurf": {
      "version": "1.4.1",
      "resolved": "https://registry.npmjs.org/csurf/-/csurf-1.4.1.tgz",
      "integrity": "sha1-DMrwJpkrLSGHcdYXT1xsQCpiif0=",
      "requires": {
        "cookie": "0.1.2",
        "cookie-signature": "1.0.4",
        "csrf": "2.0.7"
      }
    },
    "debug": {
      "version": "1.0.4",
      "resolved": "https://registry.npmjs.org/debug/-/debug-1.0.4.tgz",
      "integrity": "sha1-W5wla9VLbsAigxdvqKDt5tFUy/g=",
      "requires": {
        "ms": "0.6.2"
      }
    },
    "depd": {
      "version": "0.4.4",
      "resolved": "https://registry.npmjs.org/depd/-/depd-0.4.4.tgz",
      "integrity": "sha1-BwkfrnX5eCjYm0oCotR3jw58BmI="
    },
    "destroy": {
      "version": "1.0.3",
      "resolved": "https://registry.npmjs.org/destroy/-/destroy-1.0.3.tgz",
      "integrity": "sha1-tDO0ck5x/YVR2YhRdIUcX8N34sk="
    },
    "ee-first": {
      "version": "1.0.5",
      "resolved": "https://registry.npmjs.org/ee-first/-/ee-first-1.0.5.tgz",
      "integrity": "sha1-jJshKJjYzZ8alDZlDOe+ICyen/A="
    },
    "errorhandler": {
      "version": "1.1.1",
      "resolved": "https://registry.npmjs.org/errorhandler/-/errorhandler-1.1.1.tgz",
      "integrity": "sha1-GN79Q22Mou/gotiGxcTW7m121pE=",
      "requires": {
        "accepts": "1.0.7",
        "escape-html": "1.0.1"
      }
    },
    "escape-html": {
      "version": "1.0.1",
      "resolved": "https://registry.npmjs.org/escape-html/-/escape-html-1.0.1.tgz",
      "integrity": "sha1-GBoobq05ejmpKFfPsdQwUuNWv/A="
    },
    "express": {
      "version": "3.16.10",
      "resolved": "https://registry.npmjs.org/express/-/express-3.16.10.tgz",
      "integrity": "sha1-xoxaww6eiQuBLBFAjc3hg8QRu1Y=",
      "requires": {
        "basic-auth": "1.0.0",
        "buffer-crc32": "0.2.3",
        "commander": "1.3.2",
        "connect": "2.25.10",
        "cookie": "0.1.2",
        "cookie-signature": "1.0.4",
        "debug": "1.0.4",
        "depd": "0.4.4",
        "escape-html": "1.0.1",
        "fresh": "0.2.2",
        "media-typer": "0.2.0",
        "merge-descriptors": "0.0.2",
        "methods": "1.1.0",
        "mkdirp": "0.5.0",
        "parseurl": "1.3.2",
        "proxy-addr": "1.0.1",
        "range-parser": "1.0.0",
        "send": "0.8.5",
        "vary": "0.1.0"
      }
    },
    "express-session": {
      "version": "1.7.6",
      "resolved": "https://registry.npmjs.org/express-session/-/express-session-1.7.6.tgz",
      "integrity": "sha1-4cNpuiF296/beed9ZdzYx8RuSKU=",
      "requires": {
        "buffer-crc32": "0.2.3",
        "cookie": "0.1.2",
        "cookie-signature": "1.0.4",
        "debug": "1.0.4",
        "depd": "0.4.4",
        "on-headers": "1.0.1",
        "parseurl": "1.3.2",
        "uid-safe": "1.0.1",
        "utils-merge": "1.0.0"
      },
      "dependencies": {
        "uid-safe": {
          "version": "1.0.1",
          "resolved": "https://registry.npmjs.org/uid-safe/-/uid-safe-1.0.1.tgz",
          "integrity": "sha1-W9FIRgouhPVPGT/SA1LIw9feasg=",
          "requires": {
            "base64-url": "1.2.1",
            "mz": "1.3.0"
          }
        }
      }
    },
    "finalhandler": {
      "version": "0.1.0",
      "resolved": "https://registry.npmjs.org/finalhandler/-/finalhandler-0.1.0.tgz",
      "integrity": "sha1-2gW7xPX0owyEzh2R88FUAHxOnao=",
      "requires": {
        "debug": "1.0.4",
        "escape-html": "1.0.1"
      }
    },
    "fresh": {
      "version": "0.2.2",
      "resolved": "https://registry.npmjs.org/fresh/-/fresh-0.2.2.tgz",
      "integrity": "sha1-lzHc9WeMf660T7kDxPct9VGH+nc="
    },
    "iconv-lite": {
      "version": "0.4.4",
      "resolved": "https://registry.npmjs.org/iconv-lite/-/iconv-lite-0.4.4.tgz",
      "integrity": "sha1-6V8uQdsHNfwhZS94J6XuMuY8g6g="
    },
    "inherits": {
      "version": "2.0.3",
      "resolved": "https://registry.npmjs.org/inherits/-/inherits-2.0.3.tgz",
      "integrity": "sha1-Yzwsg+PaQqUC9SRmAiSA9CCCYd4="
    },
    "ipaddr.js": {
      "version": "0.1.2",
      "resolved": "https://registry.npmjs.org/ipaddr.js/-/ipaddr.js-0.1.2.tgz",
      "integrity": "sha1-ah/T2FT1ACllw017vNm0qNSwRn4="
    },
    "isarray": {
      "version": "0.0.1",
      "resolved": "https://registry.npmjs.org/isarray/-/isarray-0.0.1.tgz",
      "integrity": "sha1-ihis/Kmo9Bd+Cav8YDiTmwXR7t8="
    },
    "keypress": {
      "version": "0.1.0",
      "resolved": "https://registry.npmjs.org/keypress/-/keypress-0.1.0.tgz",
      "integrity": "sha1-SjGI1CkbZrT2XtuZ+AaqmuKTWSo="
    },
    "media-typer": {
      "version": "0.2.0",
      "resolved": "https://registry.npmjs.org/media-typer/-/media-typer-0.2.0.tgz",
      "integrity": "sha1-2KBlITrf6qLnYyGitt2jb/YzWYQ="
    },
    "merge-descriptors": {
      "version": "0.0.2",
      "resolved": "https://registry.npmjs.org/merge-descriptors/-/merge-descriptors-0.0.2.tgz",
      "integrity": "sha1-w2pSp4FDdRPFcnXzndnTF1FKyMc="
    },
    "method-override": {
      "version": "2.1.3",
      "resolved": "https://registry.npmjs.org/method-override/-/method-override-2.1.3.tgz",
      "integrity": "sha1-UR9BxPsdzNtqsYRNpdxuqBt8ETU=",
      "requires": {
        "debug": "1.0.4",
        "methods": "1.1.0",
        "parseurl": "1.3.2",
        "vary": "1.0.1"
      },
      "dependencies": {
        "vary": {
          "version": "1.0.1",
          "resolved": "https://registry.npmjs.org/vary/-/vary-1.0.1.tgz",
          "integrity": "sha1-meSYFWaihhGN+yuBc1ffeZM3bRA="
        }
      }
    },
    "methods": {
      "version": "1.1.0",
      "resolved": "https://registry.npmjs.org/methods/-/methods-1.1.0.tgz",
      "integrity": "sha1-XcpO4S31L/OwVhRZhqjwHLyGQ28="
    },
    "mime": {
      "version": "1.2.11",
      "resolved": "https://registry.npmjs.org/mime/-/mime-1.2.11.tgz",
      "integrity": "sha1-WCA+7Ybjpe8XrtK32evUfwpg3RA="
    },
    "mime-types": {
      "version": "1.0.2",
      "resolved": "https://registry.npmjs.org/mime-types/-/mime-types-1.0.2.tgz",
      "integrity": "sha1-mVrhOSq4r/y/yyZB3QVOlDwNXc4="
    },
    "minimist": {
      "version": "0.0.8",
      "resolved": "https://registry.npmjs.org/minimist/-/minimist-0.0.8.tgz",
      "integrity": "sha1-hX/Kv8M5fSYluCKCYuhqp6ARsF0="
    },
    "mkdirp": {
      "version": "0.5.0",
      "resolved": "https://registry.npmjs.org/mkdirp/-/mkdirp-0.5.0.tgz",
      "integrity": "sha1-HXMHam35hs2TROFecfzAWkyavxI=",
      "requires": {
        "minimist": "0.0.8"
      }
    },
    "morgan": {
      "version": "1.2.3",
      "resolved": "https://registry.npmjs.org/morgan/-/morgan-1.2.3.tgz",
      "integrity": "sha1-Ow8XBN+QJVpUJZGrrNeXiRqMQKE=",
      "requires": {
        "basic-auth": "1.0.0",
        "bytes": "1.0.0",
        "depd": "0.4.4",
        "on-finished": "2.1.0"
      }
    },
    "ms": {
      "version": "0.6.2",
      "resolved": "https://registry.npmjs.org/ms/-/ms-0.6.2.tgz",
      "integrity": "sha1-2JwhJMb9wTU9Zai3e/GqxLGTcIw="
    },
    "multiparty": {
      "version": "3.3.2",
      "resolved": "https://registry.npmjs.org/multiparty/-/multiparty-3.3.2.tgz",
      "integrity": "sha1-Nd5oBNwZZD5SSfPT473GyM4wHT8=",
      "requires": {
        "readable-stream": "1.1.14",
        "stream-counter": "0.2.0"
      }
    },
    "mz": {
      "version": "1.3.0",
      "resolved": "https://registry.npmjs.org/mz/-/mz-1.3.0.tgz",
      "integrity": "sha1-BvCT/dmVagbTfhsegTROJ0eMQvA=",
      "requires": {
        "native-or-bluebird": "1.1.2",
        "thenify": "3.3.0",
        "thenify-all": "1.6.0"
      }
    },
    "native-or-bluebird": {
      "version": "1.1.2",
      "resolved": "https://registry.npmjs.org/native-or-bluebird/-/native-or-bluebird-1.1.2.tgz",
      "integrity": "sha1-OSHhECMtHreQ89rGG7NwUxx9NW4="
    },
    "negotiator": {
      "version": "0.4.7",
      "resolved": "https://registry.npmjs.org/negotiator/-/negotiator-0.4.7.tgz",
      "integrity": "sha1-pBYPcXfsgGc4Yx0NMFIyXaQqvcg="
    },
    "on-finished": {
      "version": "2.1.0",
      "resolved": "https://registry.npmjs.org/on-finished/-/on-finished-2.1.0.tgz",
      "integrity": "sha1-DFOfCSkej/rd4MiiWFD7LO3HAi0=",
      "requires": {
        "ee-first": "1.0.5"
      }
    },
    "on-headers": {
      "version": "1.0.1",
      "resolved": "https://registry.npmjs.org/on-headers/-/on-headers-1.0.1.tgz",
      "integrity": "sha1-ko9dD0cNSTQmUepnlLCFfBAGk/c="
    },
    "parseurl": {
      "version": "1.3.2",
      "resolved": "https://registry.npmjs.org/parseurl/-/parseurl-1.3.2.tgz",
      "integrity": "sha1-/CidTtiZMRlGDBViUyYs3I3mW/M="
    },
    "pause": {
      "version": "0.0.1",
      "resolved": "https://registry.npmjs.org/pause/-/pause-0.0.1.tgz",
      "integrity": "sha1-HUCLP9t2kjuVQ9lvtMnf1TXZy10="
    },
    "proxy-addr": {
      "version": "1.0.1",
      "resolved": "https://registry.npmjs.org/proxy-addr/-/proxy-addr-1.0.1.tgz",
      "integrity": "sha1-x8Vm1etOP61n7rnHfFVYzMObiKg=",
      "requires": {
        "ipaddr.js": "0.1.2"
      }
    },
    "qs": {
      "version": "2.2.2",
      "resolved": "https://registry.npmjs.org/qs/-/qs-2.2.2.tgz",
      "integrity": "sha1-3+eD8YVLGsKzreknda0D4n4DIYw="
    },
    "range-parser": {
      "version": "1.0.0",
      "resolved": "https://registry.npmjs.org/range-parser/-/range-parser-1.0.0.tgz",
      "integrity": "sha1-pLJkz+C+XONqvjdlrJwqJIdG28A="
    },
    "raw-body": {
      "version": "1.3.0",
      "resolved": "https://registry.npmjs.org/raw-body/-/raw-body-1.3.0.tgz",
      "integrity": "sha1-l4IwoValVI9C7vFN4i0PT2EAg9E=",
      "requires": {
        "bytes": "1.0.0",
        "iconv-lite": "0.4.4"
      }
    },
    "readable-stream": {
      "version": "1.1.14",
      "resolved": "https://registry.npmjs.org/readable-stream/-/readable-stream-1.1.14.tgz",
      "integrity": "sha1-fPTFTvZI44EwhMY23SB54WbAgdk=",
      "requires": {
        "core-util-is": "1.0.2",
        "inherits": "2.0.3",
        "isarray": "0.0.1",
        "string_decoder": "0.10.31"
      }
    },
    "response-time": {
      "version": "2.0.1",
      "resolved": "https://registry.npmjs.org/response-time/-/response-time-2.0.1.tgz",
      "integrity": "sha1-xtLLrerEyyUbIQFv4YJkDAKv80M=",
      "requires": {
        "on-headers": "1.0.1"
      }
    },
    "rndm": {
      "version": "1.1.1",
      "resolved": "https://registry.npmjs.org/rndm/-/rndm-1.1.1.tgz",
      "integrity": "sha1-7870N0Ah94tj3mImtZhRICadZPE="
    },
    "scmp": {
      "version": "1.0.0",
      "resolved": "https://registry.npmjs.org/scmp/-/scmp-1.0.0.tgz",
      "integrity": "sha1-oLJyw/xykvdxFWRvAGGLAmJRTgQ="
    },
    "send": {
      "version": "0.8.5",
      "resolved": "https://registry.npmjs.org/send/-/send-0.8.5.tgz",
      "integrity": "sha1-N/cIIW5vUMF150xp/sU0hOL9gsc=",
      "requires": {
        "debug": "1.0.4",
        "depd": "0.4.4",
        "destroy": "1.0.3",
        "escape-html": "1.0.1",
        "fresh": "0.2.2",
        "mime": "1.2.11",
        "ms": "0.6.2",
        "on-finished": "2.1.0",
        "range-parser": "1.0.0"
      }
    },
    "serve-favicon": {
      "version": "2.0.1",
      "resolved": "https://registry.npmjs.org/serve-favicon/-/serve-favicon-2.0.1.tgz",
      "integrity": "sha1-SCaXXZ8XPKOkFY6WmBYfdd7Hr+w=",
      "requires": {
        "fresh": "0.2.2"
      }
    },
    "serve-index": {
      "version": "1.1.6",
      "resolved": "https://registry.npmjs.org/serve-index/-/serve-index-1.1.6.tgz",
      "integrity": "sha1-t1gxj+eBYoOD9mrIDdRHcS6neB8=",
      "requires": {
        "accepts": "1.0.7",
        "batch": "0.5.1",
        "parseurl": "1.3.2"
      }
    },
    "serve-static": {
      "version": "1.5.4",
      "resolved": "https://registry.npmjs.org/serve-static/-/serve-static-1.5.4.tgz",
      "integrity": "sha1-gZ+zeuRr0C3VILd/z3/Y9REvl4I=",
      "requires": {
        "escape-html": "1.0.1",
        "parseurl": "1.3.2",
        "send": "0.8.5",
        "utils-merge": "1.0.0"
      }
    },
    "stream-counter": {
      "version": "0.2.0",
      "resolved": "https://registry.npmjs.org/stream-counter/-/stream-counter-0.2.0.tgz",
      "integrity": "sha1-3tJmVWMZyLDiIoErnPOyb6fZR94=",
      "requires": {
        "readable-stream": "1.1.14"
      }
    },
    "string_decoder": {
      "version": "0.10.31",
      "resolved": "https://registry.npmjs.org/string_decoder/-/string_decoder-0.10.31.tgz",
      "integrity": "sha1-YuIDvEF2bGwoyfyEMB2rHFMQ+pQ="
    },
    "thenify": {
      "version": "3.3.0",
      "resolved": "https://registry.npmjs.org/thenify/-/thenify-3.3.0.tgz",
      "integrity": "sha1-5p44obq+lpsBCCB5eLn2K4hgSDk=",
      "requires": {
        "any-promise": "1.3.0"
      }
    },
    "thenify-all": {
      "version": "1.6.0",
      "resolved": "https://registry.npmjs.org/thenify-all/-/thenify-all-1.6.0.tgz",
      "integrity": "sha1-GhkY1ALY/D+Y+/I02wvMjMEOlyY=",
      "requires": {
        "thenify": "3.3.0"
      }
    },
    "type-is": {
      "version": "1.3.2",
      "resolved": "https://registry.npmjs.org/type-is/-/type-is-1.3.2.tgz",
      "integrity": "sha1-TypdxYd1yhYwJQr8cYb4s2MJ0bs=",
      "requires": {
        "media-typer": "0.2.0",
        "mime-types": "1.0.2"
      }
    },
    "uid-safe": {
      "version": "1.1.0",
      "resolved": "https://registry.npmjs.org/uid-safe/-/uid-safe-1.1.0.tgz",
      "integrity": "sha1-WNbF2r+N+9jVKDSDmAbAP9YUMjI=",
      "requires": {
        "base64-url": "1.2.1",
        "native-or-bluebird": "1.1.2"
      }
    },
    "utils-merge": {
      "version": "1.0.0",
      "resolved": "https://registry.npmjs.org/utils-merge/-/utils-merge-1.0.0.tgz",
      "integrity": "sha1-ApT7kiu5N1FTVBxPcJYjHyh8ivg="
    },
    "vary": {
      "version": "0.1.0",
      "resolved": "https://registry.npmjs.org/vary/-/vary-0.1.0.tgz",
      "integrity": "sha1-3wlFiZ6TwMxb0YzIMh2dIedPYXY="
    },
    "vhost": {
      "version": "2.0.0",
      "resolved": "https://registry.npmjs.org/vhost/-/vhost-2.0.0.tgz",
      "integrity": "sha1-HiZ3C9D86GxAlFWR5vKExokXkeI="
    }
  }
}
